# @generated by Move, please check-in and do not edit manually.

[move]
version = 3
manifest_digest = "3F34DAAE46F1CBFF73952D6E7C87A6C7650594D441302C86A0DEBDF93DA28023"
deps_digest = "F8BBB0CCB2491CA29A3DF03D6F92277A4F3574266507ACD77214D37ECA3F3082"
dependencies = [
  { id = "Sui", name = "Sui" },
]

[[move.package]]
id = "MoveStdlib"
source = { git = "https://github.com/MystenLabs/sui.git", rev = "framework/testnet", subdir = "crates/sui-framework/packages/move-stdlib" }

[[move.package]]
id = "Sui"
source = { git = "https://github.com/MystenLabs/sui.git", rev = "framework/testnet", subdir = "crates/sui-framework/packages/sui-framework" }

dependencies = [
  { id = "MoveStdlib", name = "MoveStdlib" },
]

[move.toolchain-version]
compiler-version = "1.53.1"
edition = "2024.beta"
flavor = "sui"

[env]

[env.testnet]
chain-id = "4c78adac"
original-published-id = "0xb7e55a7aa4b0148903f85cb4b1d14a68f1865bb74b0e12ce35f3cf0128cd9570"
latest-published-id = "0xb7e55a7aa4b0148903f85cb4b1d14a68f1865bb74b0e12ce35f3cf0128cd9570"
published-version = "1"
